{
  "name": "clothing-containers-vigo-map",
  "version": "1.0.0",
  "lockfileVersion": 1,
  "requires": true,
  "dependencies": {
    "leaflet-geosearch": {
      "version": "2.7.0",
      "resolved": "https://registry.npmjs.org/leaflet-geosearch/-/leaflet-geosearch-2.7.0.tgz",
      "integrity": "sha512-6rZIZ5mp9Ifp3R37DKe7ipHV6/qnUY5kP1gNDz3oMT4hp5FqKyB2V4enoTDT1iziE8yrn0hy/OP9oI4HG1dKEw==",
      "requires": {
        "lodash.debounce": "^4.0.8",
        "nodent-runtime": "^3.0.4"
      }
    },
    "lodash.debounce": {
      "version": "4.0.8",
      "resolved": "https://registry.npmjs.org/lodash.debounce/-/lodash.debounce-4.0.8.tgz",
      "integrity": "sha1-gteb/zCmfEAF/9XiUVMArZyk168="
    },
    "nodent-runtime": {
      "version": "3.2.1",
      "resolved": "https://registry.npmjs.org/nodent-runtime/-/nodent-runtime-3.2.1.tgz",
      "integrity": "sha512-7Ws63oC+215smeKJQCxzrK21VFVlCFBkwl0MOObt0HOpVQXs3u483sAmtkF33nNqZ5rSOQjB76fgyPBmAUrtCA=="
    }
  }
}
